{
  "name": "histor-scanner",
  "version": "0.1.0",
  "lockfileVersion": 3,
  "requires": true,
  "packages": {
    "": {
      "name": "histor-scanner",
      "version": "0.1.0",
      "license": "MIT",
      "dependencies": {
        "@aimarket/warden": "0.8.2"
      },
      "engines": {
        "node": ">=20"
      }
    },
    "node_modules/@aimarket/warden": {
      "version": "0.8.2",
      "resolved": "https://registry.npmjs.org/@aimarket/warden/-/warden-0.8.2.tgz",
      "integrity": "sha512-jSdepve/mwTLCwrSmbQ3vJLGPSXBWvgIQcJFi3CVrcUqiiXBbSPjlClqMUGIaT0tEE/exRcPgfAPOUe1SyuXow==",
      "license": "MIT",
      "bin": {
        "warden-mcp": "dist/mcp-server.js"
      },
      "engines": {
        "node": ">=20"
      }
    }
  }
}
